
Microsoft Visual Studio Solution File, Format Version 12.00
# Visual Studio Version 17
VisualStudioVersion = 17.4.33205.214
MinimumVisualStudioVersion = 10.0.40219.1
Project("{FAE04EC0-301F-11D3-BF4B-00C04F79EFBC}") = "Main", "Main\Main.csproj", "{026CD466-50CA-4BEE-85EE-57C40D4FBDBA}"
EndProject
Project("{FAE04EC0-301F-11D3-BF4B-00C04F79EFBC}") = "Bank_Repository", "Bank Repository\Bank_Repository.csproj", "{EE10D2E3-C1EE-461F-AD37-9934312C5381}"
EndProject
Global
	GlobalSection(SolutionConfigurationPlatforms) = preSolution
		Debug|Any CPU = Debug|Any CPU
		Release|Any CPU = Release|Any CPU
	EndGlobalSection
	GlobalSection(ProjectConfigurationPlatforms) = postSolution
		{026CD466-50CA-4BEE-85EE-57C40D4FBDBA}.Debug|Any CPU.ActiveCfg = Debug|Any CPU
		{026CD466-50CA-4BEE-85EE-57C40D4FBDBA}.Debug|Any CPU.Build.0 = Debug|Any CPU
		{026CD466-50CA-4BEE-85EE-57C40D4FBDBA}.Release|Any CPU.ActiveCfg = Release|Any CPU
		{026CD466-50CA-4BEE-85EE-57C40D4FBDBA}.Release|Any CPU.Build.0 = Release|Any CPU
		{EE10D2E3-C1EE-461F-AD37-9934312C5381}.Debug|Any CPU.ActiveCfg = Debug|Any CPU
		{EE10D2E3-C1EE-461F-AD37-9934312C5381}.Debug|Any CPU.Build.0 = Debug|Any CPU
		{EE10D2E3-C1EE-461F-AD37-9934312C5381}.Release|Any CPU.ActiveCfg = Release|Any CPU
		{EE10D2E3-C1EE-461F-AD37-9934312C5381}.Release|Any CPU.Build.0 = Release|Any CPU
	EndGlobalSection
	GlobalSection(SolutionProperties) = preSolution
		HideSolutionNode = FALSE
	EndGlobalSection
	GlobalSection(ExtensibilityGlobals) = postSolution
		SolutionGuid = {894CEE57-EE16-461D-AE7D-8CC326B1F03D}
	EndGlobalSection
EndGlobal
